{
  "meteor": {},
  "dependencies": {
    "basePackages": {
      "instagram-wrapper": {},
      "accounts-instagram-6": {}
    },
    "packages": {
      "instagram-wrapper": {
        "git": "https://github.com/bojan88/meteor-instagram-wrapper.git",
        "tag": "v0.0.1",
        "commit": "58955b290e838d942e15b9fbf663106abd59ba5e"
      },
      "accounts-instagram-6": {
        "git": "https://github.com/khamoud/meteor-accounts-instagram.git",
        "tag": "v0.0.7",
        "commit": "56f4054a9b493d75f6dcd0e2a9fcf7a3389914f2"
      }
    }
  }
}
